
Microsoft Visual Studio Solution File, Format Version 12.00
# Visual Studio Version 16
VisualStudioVersion = 16.0.31321.278
MinimumVisualStudioVersion = 10.0.40219.1
Project("{FAE04EC0-301F-11D3-BF4B-00C04F79EFBC}") = "BashShop", "BashShop\BashShop.csproj", "{B88C246E-45DC-4DB9-983A-F2718BCEFF25}"
EndProject
Global
	GlobalSection(SolutionConfigurationPlatforms) = preSolution
		Debug|Any CPU = Debug|Any CPU
		Release|Any CPU = Release|Any CPU
	EndGlobalSection
	GlobalSection(ProjectConfigurationPlatforms) = postSolution
		{B88C246E-45DC-4DB9-983A-F2718BCEFF25}.Debug|Any CPU.ActiveCfg = Debug|Any CPU
		{B88C246E-45DC-4DB9-983A-F2718BCEFF25}.Debug|Any CPU.Build.0 = Debug|Any CPU
		{B88C246E-45DC-4DB9-983A-F2718BCEFF25}.Release|Any CPU.ActiveCfg = Release|Any CPU
		{B88C246E-45DC-4DB9-983A-F2718BCEFF25}.Release|Any CPU.Build.0 = Release|Any CPU
	EndGlobalSection
	GlobalSection(SolutionProperties) = preSolution
		HideSolutionNode = FALSE
	EndGlobalSection
	GlobalSection(ExtensibilityGlobals) = postSolution
		SolutionGuid = {719D1477-9F77-4F08-9669-6DD188654B16}
	EndGlobalSection
EndGlobal
